
Microsoft Visual Studio Solution File, Format Version 12.00
# Visual Studio Version 17
VisualStudioVersion = 17.14.36414.22 d17.14
MinimumVisualStudioVersion = 10.0.40219.1
Project("{FAE04EC0-301F-11D3-BF4B-00C04F79EFBC}") = "z3ro-spoofer", "z3ro-spoofer\z3ro-spoofer.csproj", "{04637BF1-A38C-4EC8-980D-DDE213AA454A}"
EndProject
Global
	GlobalSection(SolutionConfigurationPlatforms) = preSolution
		Debug|Any CPU = Debug|Any CPU
		Release|Any CPU = Release|Any CPU
	EndGlobalSection
	GlobalSection(ProjectConfigurationPlatforms) = postSolution
		{04637BF1-A38C-4EC8-980D-DDE213AA454A}.Debug|Any CPU.ActiveCfg = Debug|Any CPU
		{04637BF1-A38C-4EC8-980D-DDE213AA454A}.Debug|Any CPU.Build.0 = Debug|Any CPU
		{04637BF1-A38C-4EC8-980D-DDE213AA454A}.Release|Any CPU.ActiveCfg = Release|Any CPU
		{04637BF1-A38C-4EC8-980D-DDE213AA454A}.Release|Any CPU.Build.0 = Release|Any CPU
	EndGlobalSection
	GlobalSection(SolutionProperties) = preSolution
		HideSolutionNode = FALSE
	EndGlobalSection
	GlobalSection(ExtensibilityGlobals) = postSolution
		SolutionGuid = {B5431B73-BF9E-4893-8386-13FC1CB6A6E1}
	EndGlobalSection
EndGlobal
